
Microsoft Visual Studio Solution File, Format Version 12.00
# Visual Studio Version 16
VisualStudioVersion = 16.0.29911.84
MinimumVisualStudioVersion = 10.0.40219.1
Project("{9A19103F-16F7-4668-BE54-9A1E7A4F7556}") = "ResultSharp", "ResultSharp\ResultSharp.csproj", "{5B1E50BF-B58E-4387-B75D-E260B3613356}"
EndProject
Project("{9A19103F-16F7-4668-BE54-9A1E7A4F7556}") = "ResultSharp.Tests", "ResultSharp.Tests\ResultSharp.Tests.csproj", "{2F2D7AE2-0B6D-4C67-83ED-C61AC4ECFBDD}"
EndProject
Project("{FAE04EC0-301F-11D3-BF4B-00C04F79EFBC}") = "FluentAssertions.ResultSharp", "FluentAssertions.ResultSharp\FluentAssertions.ResultSharp.csproj", "{7EF48130-79B2-490B-B808-D55C1ACF31FE}"
EndProject
Global
	GlobalSection(SolutionConfigurationPlatforms) = preSolution
		Debug|Any CPU = Debug|Any CPU
		Release|Any CPU = Release|Any CPU
	EndGlobalSection
	GlobalSection(ProjectConfigurationPlatforms) = postSolution
		{5B1E50BF-B58E-4387-B75D-E260B3613356}.Debug|Any CPU.ActiveCfg = Debug|Any CPU
		{5B1E50BF-B58E-4387-B75D-E260B3613356}.Debug|Any CPU.Build.0 = Debug|Any CPU
		{5B1E50BF-B58E-4387-B75D-E260B3613356}.Release|Any CPU.ActiveCfg = Release|Any CPU
		{5B1E50BF-B58E-4387-B75D-E260B3613356}.Release|Any CPU.Build.0 = Release|Any CPU
		{2F2D7AE2-0B6D-4C67-83ED-C61AC4ECFBDD}.Debug|Any CPU.ActiveCfg = Debug|Any CPU
		{2F2D7AE2-0B6D-4C67-83ED-C61AC4ECFBDD}.Debug|Any CPU.Build.0 = Debug|Any CPU
		{2F2D7AE2-0B6D-4C67-83ED-C61AC4ECFBDD}.Release|Any CPU.ActiveCfg = Release|Any CPU
		{2F2D7AE2-0B6D-4C67-83ED-C61AC4ECFBDD}.Release|Any CPU.Build.0 = Release|Any CPU
		{7EF48130-79B2-490B-B808-D55C1ACF31FE}.Debug|Any CPU.ActiveCfg = Debug|Any CPU
		{7EF48130-79B2-490B-B808-D55C1ACF31FE}.Debug|Any CPU.Build.0 = Debug|Any CPU
		{7EF48130-79B2-490B-B808-D55C1ACF31FE}.Release|Any CPU.ActiveCfg = Release|Any CPU
		{7EF48130-79B2-490B-B808-D55C1ACF31FE}.Release|Any CPU.Build.0 = Release|Any CPU
	EndGlobalSection
	GlobalSection(SolutionProperties) = preSolution
		HideSolutionNode = FALSE
	EndGlobalSection
	GlobalSection(ExtensibilityGlobals) = postSolution
		SolutionGuid = {64EAEEE0-A798-4C78-A702-5E0ABC221EB6}
	EndGlobalSection
EndGlobal
